
Microsoft Visual Studio Solution File, Format Version 12.00
# Visual Studio Version 16
VisualStudioVersion = 16.0.31321.278
MinimumVisualStudioVersion = 10.0.40219.1
Project("{9A19103F-16F7-4668-BE54-9A1E7A4F7556}") = "IndianStateCensus", "IndianStateCensus\IndianStateCensus.csproj", "{7715ADFC-11CA-442C-B9A6-8B4159B59640}"
EndProject
Project("{FAE04EC0-301F-11D3-BF4B-00C04F79EFBC}") = "CensusAnalysertest", "CensusAnalyser.test\CensusAnalysertest.csproj", "{BEBECB34-DF37-4DC7-B7F7-33B159C42802}"
EndProject
Global
	GlobalSection(SolutionConfigurationPlatforms) = preSolution
		Debug|Any CPU = Debug|Any CPU
		Release|Any CPU = Release|Any CPU
	EndGlobalSection
	GlobalSection(ProjectConfigurationPlatforms) = postSolution
		{7715ADFC-11CA-442C-B9A6-8B4159B59640}.Debug|Any CPU.ActiveCfg = Debug|Any CPU
		{7715ADFC-11CA-442C-B9A6-8B4159B59640}.Debug|Any CPU.Build.0 = Debug|Any CPU
		{7715ADFC-11CA-442C-B9A6-8B4159B59640}.Release|Any CPU.ActiveCfg = Release|Any CPU
		{7715ADFC-11CA-442C-B9A6-8B4159B59640}.Release|Any CPU.Build.0 = Release|Any CPU
		{BEBECB34-DF37-4DC7-B7F7-33B159C42802}.Debug|Any CPU.ActiveCfg = Debug|Any CPU
		{BEBECB34-DF37-4DC7-B7F7-33B159C42802}.Debug|Any CPU.Build.0 = Debug|Any CPU
		{BEBECB34-DF37-4DC7-B7F7-33B159C42802}.Release|Any CPU.ActiveCfg = Release|Any CPU
		{BEBECB34-DF37-4DC7-B7F7-33B159C42802}.Release|Any CPU.Build.0 = Release|Any CPU
	EndGlobalSection
	GlobalSection(SolutionProperties) = preSolution
		HideSolutionNode = FALSE
	EndGlobalSection
	GlobalSection(ExtensibilityGlobals) = postSolution
		SolutionGuid = {D5346AE1-6AC8-4A08-A300-E672A43B2947}
	EndGlobalSection
EndGlobal
